
Microsoft Visual Studio Solution File, Format Version 12.00
# Visual Studio Version 17
VisualStudioVersion = 17.13.35507.96 d17.13
MinimumVisualStudioVersion = 10.0.40219.1
Project("{FAE04EC0-301F-11D3-BF4B-00C04F79EFBC}") = "TicTacToeEngine", "TicTacToeEngine\TicTacToeEngine.csproj", "{B15F262E-16D5-4AD7-B27C-A460FC8CDE42}"
EndProject
Global
	GlobalSection(SolutionConfigurationPlatforms) = preSolution
		Debug|Any CPU = Debug|Any CPU
		Release|Any CPU = Release|Any CPU
	EndGlobalSection
	GlobalSection(ProjectConfigurationPlatforms) = postSolution
		{B15F262E-16D5-4AD7-B27C-A460FC8CDE42}.Debug|Any CPU.ActiveCfg = Debug|Any CPU
		{B15F262E-16D5-4AD7-B27C-A460FC8CDE42}.Debug|Any CPU.Build.0 = Debug|Any CPU
		{B15F262E-16D5-4AD7-B27C-A460FC8CDE42}.Release|Any CPU.ActiveCfg = Release|Any CPU
		{B15F262E-16D5-4AD7-B27C-A460FC8CDE42}.Release|Any CPU.Build.0 = Release|Any CPU
	EndGlobalSection
	GlobalSection(SolutionProperties) = preSolution
		HideSolutionNode = FALSE
	EndGlobalSection
	GlobalSection(ExtensibilityGlobals) = postSolution
		SolutionGuid = {54A48EDE-B4B8-4CAD-9480-0BCB0B8DEF4A}
	EndGlobalSection
EndGlobal
